
Microsoft Visual Studio Solution File, Format Version 12.00
Project("{FAE04EC0-301F-11D3-BF4B-00C04F79EFBC}") = "Morozova_ISP-231_Lab4_HomeWork_15.09.25", "Morozova_ISP-231_Lab4_HomeWork_15.09.25.csproj", "{FD756D1B-646C-4F44-8D82-AF14EE2D501D}"
EndProject
Global
	GlobalSection(SolutionConfigurationPlatforms) = preSolution
		Debug|Any CPU = Debug|Any CPU
		Release|Any CPU = Release|Any CPU
	EndGlobalSection
	GlobalSection(ProjectConfigurationPlatforms) = postSolution
		{FD756D1B-646C-4F44-8D82-AF14EE2D501D}.Debug|Any CPU.ActiveCfg = Debug|Any CPU
		{FD756D1B-646C-4F44-8D82-AF14EE2D501D}.Debug|Any CPU.Build.0 = Debug|Any CPU
		{FD756D1B-646C-4F44-8D82-AF14EE2D501D}.Release|Any CPU.ActiveCfg = Release|Any CPU
		{FD756D1B-646C-4F44-8D82-AF14EE2D501D}.Release|Any CPU.Build.0 = Release|Any CPU
	EndGlobalSection
EndGlobal
